{
  "name": "book",
  "version": "1.0.0",
  "lockfileVersion": 2,
  "requires": true,
  "packages": {
    "": {
      "name": "book",
      "version": "1.0.0",
      "license": "ISC",
      "dependencies": {
        "galho": "file:../galho"
      }
    },
    "../format": {
      "version": "1.0.0",
      "extraneous": true,
      "license": "MIT",
      "devDependencies": {}
    },
    "../galho": {
      "version": "2.0.1",
      "integrity": "sha512-rc/8FUz7T/lO/5kMMd8F8bXAjACmVdN9rmdYdJUuzjLAvxAOAtp/1Bv3Mx0BKolmQZ/vA070AAP0JAjTj9bgvg==",
      "license": "MIT",
      "optionalDependencies": {
        "csstype": "*"
      }
    },
    "../galho/node_modules/csstype": {
      "version": "3.0.8",
      "resolved": "https://registry.npmjs.org/csstype/-/csstype-3.0.8.tgz",
      "integrity": "sha512-jXKhWqXPmlUeoQnF/EhTtTl4C9SnrxSH/jZUih3jmO6lBKr99rP3/+FmrMj4EFpOXzMtXHAZkd3x0E6h6Fgflw==",
      "optional": true
    },
    "../handler": {
      "version": "1.0.0",
      "extraneous": true,
      "license": "ISC"
    },
    "../inutil": {
      "version": "1.0.3",
      "extraneous": true,
      "license": "ISC"
    },
    "node_modules/galho": {
      "resolved": "../galho",
      "link": true
    }
  },
  "dependencies": {
    "galho": {
      "version": "file:../galho",
      "requires": {
        "csstype": "*"
      },
      "dependencies": {
        "csstype": {
          "version": "3.0.8",
          "resolved": "https://registry.npmjs.org/csstype/-/csstype-3.0.8.tgz",
          "integrity": "sha512-jXKhWqXPmlUeoQnF/EhTtTl4C9SnrxSH/jZUih3jmO6lBKr99rP3/+FmrMj4EFpOXzMtXHAZkd3x0E6h6Fgflw==",
          "optional": true
        }
      }
    }
  }
}
